
Microsoft Visual Studio Solution File, Format Version 12.00
# Visual Studio 15
VisualStudioVersion = 15.0.28010.2048
MinimumVisualStudioVersion = 10.0.40219.1
Project("{FAE04EC0-301F-11D3-BF4B-00C04F79EFBC}") = "WSRobaSegonaMa", "WSRobaSegonaMa\WSRobaSegonaMa.csproj", "{10AFE048-9629-48C8-AD2D-8AD11BB9C06B}"
EndProject
Project("{FAE04EC0-301F-11D3-BF4B-00C04F79EFBC}") = "WSRobaSegonaMa.Tests", "WSRobaSegonaMa.Tests\WSRobaSegonaMa.Tests.csproj", "{DF4ED3B7-BF02-4E81-B661-C4CFCD79C6F2}"
EndProject
Global
	GlobalSection(SolutionConfigurationPlatforms) = preSolution
		Debug|Any CPU = Debug|Any CPU
		Release|Any CPU = Release|Any CPU
	EndGlobalSection
	GlobalSection(ProjectConfigurationPlatforms) = postSolution
		{10AFE048-9629-48C8-AD2D-8AD11BB9C06B}.Debug|Any CPU.ActiveCfg = Debug|Any CPU
		{10AFE048-9629-48C8-AD2D-8AD11BB9C06B}.Debug|Any CPU.Build.0 = Debug|Any CPU
		{10AFE048-9629-48C8-AD2D-8AD11BB9C06B}.Release|Any CPU.ActiveCfg = Release|Any CPU
		{10AFE048-9629-48C8-AD2D-8AD11BB9C06B}.Release|Any CPU.Build.0 = Release|Any CPU
		{DF4ED3B7-BF02-4E81-B661-C4CFCD79C6F2}.Debug|Any CPU.ActiveCfg = Debug|Any CPU
		{DF4ED3B7-BF02-4E81-B661-C4CFCD79C6F2}.Debug|Any CPU.Build.0 = Debug|Any CPU
		{DF4ED3B7-BF02-4E81-B661-C4CFCD79C6F2}.Release|Any CPU.ActiveCfg = Release|Any CPU
		{DF4ED3B7-BF02-4E81-B661-C4CFCD79C6F2}.Release|Any CPU.Build.0 = Release|Any CPU
	EndGlobalSection
	GlobalSection(SolutionProperties) = preSolution
		HideSolutionNode = FALSE
	EndGlobalSection
	GlobalSection(ExtensibilityGlobals) = postSolution
		SolutionGuid = {D76DCFA6-0E8E-420E-B7ED-AB0CAB25AE8F}
	EndGlobalSection
EndGlobal
